<?xml version="1.0" encoding="utf-8"?>
<Project ToolsVersion="4.0" xmlns="http://schemas.microsoft.com/developer/msbuild/2003">
  <ItemGroup>
    <Filter Include="소스 파일">
      <UniqueIdentifier>{4FC737F1-C7A5-4376-A066-2A32D752A2FF}</UniqueIdentifier>
      <Extensions>cpp;c;cc;cxx;def;odl;idl;hpj;bat;asm;asmx</Extensions>
    </Filter>
    <Filter Include="헤더 파일">
      <UniqueIdentifier>{93995380-89BD-4b04-88EB-625FBE52EBFB}</UniqueIdentifier>
      <Extensions>h;hh;hpp;hxx;hm;inl;inc;xsd</Extensions>
    </Filter>
    <Filter Include="리소스 파일">
      <UniqueIdentifier>{67DA6AB6-F800-4c08-8B7A-83BB121AAD01}</UniqueIdentifier>
      <Extensions>rc;ico;cur;bmp;dlg;rc2;rct;bin;rgs;gif;jpg;jpeg;jpe;resx;tiff;tif;png;wav;mfcribbon-ms</Extensions>
    </Filter>
    <Filter Include="소스 파일\bullet3">
      <UniqueIdentifier>{4866c9cf-1f1b-49ef-ba9f-0c6525b0ffff}</UniqueIdentifier>
    </Filter>
    <Filter Include="소스 파일\bullet3\examples">
      <UniqueIdentifier>{a0281226-e710-4932-9fd2-de210209668f}</UniqueIdentifier>
    </Filter>
    <Filter Include="소스 파일\bullet3\examples\ExampleBrowser">
      <UniqueIdentifier>{991717ee-e21b-4885-b74a-bc8a2b3e429a}</UniqueIdentifier>
    </Filter>
    <Filter Include="소스 파일\bullet3\examples\Importers">
      <UniqueIdentifier>{3dd64ffb-5f21-4d5e-b7be-fa3fd673a35a}</UniqueIdentifier>
    </Filter>
    <Filter Include="소스 파일\bullet3\examples\Importers\ImportColladaDemo">
      <UniqueIdentifier>{90a3955c-3ba2-4ec2-97e8-36f230c32bad}</UniqueIdentifier>
    </Filter>
    <Filter Include="소스 파일\bullet3\examples\Importers\ImportMeshUtility">
      <UniqueIdentifier>{739629ca-f7eb-4f5d-8c6d-e8a18f43d32b}</UniqueIdentifier>
    </Filter>
    <Filter Include="소스 파일\bullet3\examples\Importers\ImportMJCFDemo">
      <UniqueIdentifier>{575c6c05-b0c1-49a0-92d3-052187be5e7c}</UniqueIdentifier>
    </Filter>
    <Filter Include="소스 파일\bullet3\examples\Importers\ImportObjDemo">
      <UniqueIdentifier>{46f5c1bd-36f3-4b5f-a988-ee54c73798a7}</UniqueIdentifier>
    </Filter>
    <Filter Include="소스 파일\bullet3\examples\Importers\ImportURDFDemo">
      <UniqueIdentifier>{a83eaed9-55ea-456e-89db-258e98f1984c}</UniqueIdentifier>
    </Filter>
    <Filter Include="소스 파일\bullet3\examples\MultiThreading">
      <UniqueIdentifier>{589e537d-4f6c-4cd6-9936-b6dccdf7d028}</UniqueIdentifier>
    </Filter>
    <Filter Include="소스 파일\bullet3\examples\ThirdPartyLibs">
      <UniqueIdentifier>{ed9324d9-3ee4-4578-8506-eddd36c46ebc}</UniqueIdentifier>
    </Filter>
    <Filter Include="소스 파일\bullet3\examples\SharedMemory">
      <UniqueIdentifier>{ef374ed7-557a-4491-a826-8e8f1dd0c0f0}</UniqueIdentifier>
    </Filter>
    <Filter Include="소스 파일\bullet3\examples\SharedMemory\plugins">
      <UniqueIdentifier>{05942ce1-2686-4dd1-8d1a-f8933ec1d788}</UniqueIdentifier>
    </Filter>
    <Filter Include="소스 파일\bullet3\examples\SharedMemory\plugins\collisionFilterPlugin">
      <UniqueIdentifier>{060852cf-bfa3-4ebf-87d9-7c93738783ab}</UniqueIdentifier>
    </Filter>
    <Filter Include="소스 파일\bullet3\examples\SharedMemory\plugins\pdControlPlugin">
      <UniqueIdentifier>{8d55274e-e0d3-4758-8c10-b305835efc9d}</UniqueIdentifier>
    </Filter>
    <Filter Include="소스 파일\bullet3\examples\SharedMemory\plugins\tinyRendererPlugin">
      <UniqueIdentifier>{81011a07-61ae-4501-a144-1055dbbe2d45}</UniqueIdentifier>
    </Filter>
    <Filter Include="소스 파일\bullet3\examples\SharedMemory\plugins\vrSyncPlugin">
      <UniqueIdentifier>{f0859262-8ec9-4be9-bc6b-f2bae2521dd7}</UniqueIdentifier>
    </Filter>
    <Filter Include="소스 파일\bullet3\examples\ThirdPartyLibs\glad">
      <UniqueIdentifier>{aef133d7-06ba-418d-91d0-9a33f0ff6d9f}</UniqueIdentifier>
    </Filter>
    <Filter Include="소스 파일\bullet3\examples\ThirdPartyLibs\midi">
      <UniqueIdentifier>{c6d49f7f-2e5c-4dde-876d-2692afffe90a}</UniqueIdentifier>
    </Filter>
    <Filter Include="소스 파일\bullet3\examples\ThirdPartyLibs\stb_image">
      <UniqueIdentifier>{57c2676d-4e17-4941-846c-f2bda3070d53}</UniqueIdentifier>
    </Filter>
    <Filter Include="소스 파일\bullet3\examples\ThirdPartyLibs\tinyxml2">
      <UniqueIdentifier>{d451ef84-877a-424b-bddb-a3c1ab1dbae9}</UniqueIdentifier>
    </Filter>
    <Filter Include="소스 파일\bullet3\examples\ThirdPartyLibs\Wavefront">
      <UniqueIdentifier>{eb946482-f952-407e-8202-1e363f348ed5}</UniqueIdentifier>
    </Filter>
    <Filter Include="소스 파일\bullet3\examples\TinyRenderer">
      <UniqueIdentifier>{7cc43734-4d47-460e-bf5e-8d494ae9fb10}</UniqueIdentifier>
    </Filter>
    <Filter Include="소스 파일\bullet3\examples\Utils">
      <UniqueIdentifier>{8373c800-bc78-4ed3-8b16-33ef403acba1}</UniqueIdentifier>
    </Filter>
    <Filter Include="소스 파일\bullet3\Extras">
      <UniqueIdentifier>{19e427e9-d5dc-4b7c-bd67-31dbe98299a3}</UniqueIdentifier>
    </Filter>
    <Filter Include="소스 파일\bullet3\Extras\Serialize">
      <UniqueIdentifier>{006deabc-4fff-4555-9d6c-00af47bd5d6c}</UniqueIdentifier>
    </Filter>
    <Filter Include="소스 파일\bullet3\Extras\Serialize\BulletFileLoader">
      <UniqueIdentifier>{0f625f0e-43b5-421b-a734-f2ce6a28358e}</UniqueIdentifier>
    </Filter>
    <Filter Include="소스 파일\bullet3\Extras\Serialize\BulletWorldImporter">
      <UniqueIdentifier>{828458c5-dd15-4a83-88ad-bebe4ef79645}</UniqueIdentifier>
    </Filter>
    <Filter Include="소스 파일\control_hub_plugin">
      <UniqueIdentifier>{9d5dd497-efbf-4973-89d4-b70e4fa15687}</UniqueIdentifier>
    </Filter>
    <Filter Include="소스 파일\control_hub">
      <UniqueIdentifier>{5bead409-21e0-4862-bc70-d74aeb93e2a7}</UniqueIdentifier>
    </Filter>
    <Filter Include="소스 파일\custom_physics_server">
      <UniqueIdentifier>{19a0f135-0ba1-4000-82bb-698bfa62a9c9}</UniqueIdentifier>
    </Filter>
  </ItemGroup>
  <ItemGroup>
    <ClCompile Include="..\bullet3\examples\ExampleBrowser\CollisionShape2TriangleMesh.cpp">
      <Filter>소스 파일\bullet3\examples\ExampleBrowser</Filter>
    </ClCompile>
    <ClCompile Include="..\bullet3\examples\ExampleBrowser\OpenGLGuiHelper.cpp">
      <Filter>소스 파일\bullet3\examples\ExampleBrowser</Filter>
    </ClCompile>
    <ClCompile Include="..\bullet3\examples\ExampleBrowser\GL_ShapeDrawer.cpp">
      <Filter>소스 파일\bullet3\examples\ExampleBrowser</Filter>
    </ClCompile>
    <ClCompile Include="..\bullet3\examples\Importers\ImportColladaDemo\LoadMeshFromCollada.cpp">
      <Filter>소스 파일\bullet3\examples\Importers\ImportColladaDemo</Filter>
    </ClCompile>
    <ClCompile Include="..\bullet3\examples\Importers\ImportMeshUtility\b3ImportMeshUtility.cpp">
      <Filter>소스 파일\bullet3\examples\Importers\ImportMeshUtility</Filter>
    </ClCompile>
    <ClCompile Include="..\bullet3\examples\Importers\ImportMJCFDemo\BulletMJCFImporter.cpp">
      <Filter>소스 파일\bullet3\examples\Importers\ImportMJCFDemo</Filter>
    </ClCompile>
    <ClCompile Include="..\bullet3\examples\Importers\ImportObjDemo\LoadMeshFromObj.cpp">
      <Filter>소스 파일\bullet3\examples\Importers\ImportObjDemo</Filter>
    </ClCompile>
    <ClCompile Include="..\bullet3\examples\Importers\ImportObjDemo\Wavefront2GLInstanceGraphicsShape.cpp">
      <Filter>소스 파일\bullet3\examples\Importers\ImportObjDemo</Filter>
    </ClCompile>
    <ClCompile Include="..\bullet3\examples\Importers\ImportURDFDemo\UrdfParser.cpp">
      <Filter>소스 파일\bullet3\examples\Importers\ImportURDFDemo</Filter>
    </ClCompile>
    <ClCompile Include="..\bullet3\examples\Importers\ImportURDFDemo\urdfStringSplit.cpp">
      <Filter>소스 파일\bullet3\examples\Importers\ImportURDFDemo</Filter>
    </ClCompile>
    <ClCompile Include="..\bullet3\examples\Importers\ImportURDFDemo\BulletUrdfImporter.cpp">
      <Filter>소스 파일\bullet3\examples\Importers\ImportURDFDemo</Filter>
    </ClCompile>
    <ClCompile Include="..\bullet3\examples\Importers\ImportURDFDemo\MyMultiBodyCreator.cpp">
      <Filter>소스 파일\bullet3\examples\Importers\ImportURDFDemo</Filter>
    </ClCompile>
    <ClCompile Include="..\bullet3\examples\Importers\ImportURDFDemo\URDF2Bullet.cpp">
      <Filter>소스 파일\bullet3\examples\Importers\ImportURDFDemo</Filter>
    </ClCompile>
    <ClCompile Include="..\bullet3\examples\MultiThreading\b3Win32ThreadSupport.cpp">
      <Filter>소스 파일\bullet3\examples\MultiThreading</Filter>
    </ClCompile>
    <ClCompile Include="..\bullet3\examples\MultiThreading\b3ThreadSupportInterface.cpp">
      <Filter>소스 파일\bullet3\examples\MultiThreading</Filter>
    </ClCompile>
    <ClCompile Include="..\bullet3\examples\SharedMemory\Win32SharedMemory.cpp">
      <Filter>소스 파일\bullet3\examples\SharedMemory</Filter>
    </ClCompile>
    <ClCompile Include="..\bullet3\examples\SharedMemory\b3PluginManager.cpp">
      <Filter>소스 파일\bullet3\examples\SharedMemory</Filter>
    </ClCompile>
    <ClCompile Include="..\bullet3\examples\SharedMemory\b3RobotSimulatorClientAPI_NoDirect.cpp">
      <Filter>소스 파일\bullet3\examples\SharedMemory</Filter>
    </ClCompile>
    <ClCompile Include="..\bullet3\examples\SharedMemory\GraphicsClientExample.cpp">
      <Filter>소스 파일\bullet3\examples\SharedMemory</Filter>
    </ClCompile>
    <ClCompile Include="..\bullet3\examples\SharedMemory\GraphicsServerExample.cpp">
      <Filter>소스 파일\bullet3\examples\SharedMemory</Filter>
    </ClCompile>
    <ClCompile Include="..\bullet3\examples\SharedMemory\IKTrajectoryHelper.cpp">
      <Filter>소스 파일\bullet3\examples\SharedMemory</Filter>
    </ClCompile>
    <ClCompile Include="..\bullet3\examples\SharedMemory\InProcessMemory.cpp">
      <Filter>소스 파일\bullet3\examples\SharedMemory</Filter>
    </ClCompile>
    <ClCompile Include="..\bullet3\examples\SharedMemory\PhysicsClient.cpp">
      <Filter>소스 파일\bullet3\examples\SharedMemory</Filter>
    </ClCompile>
    <ClCompile Include="..\bullet3\examples\SharedMemory\PhysicsClientC_API.cpp">
      <Filter>소스 파일\bullet3\examples\SharedMemory</Filter>
    </ClCompile>
    <ClCompile Include="..\bullet3\examples\SharedMemory\PhysicsClientExample.cpp">
      <Filter>소스 파일\bullet3\examples\SharedMemory</Filter>
    </ClCompile>
    <ClCompile Include="..\bullet3\examples\SharedMemory\PhysicsClientSharedMemory.cpp">
      <Filter>소스 파일\bullet3\examples\SharedMemory</Filter>
    </ClCompile>
    <ClCompile Include="..\bullet3\examples\SharedMemory\PhysicsClientSharedMemory_C_API.cpp">
      <Filter>소스 파일\bullet3\examples\SharedMemory</Filter>
    </ClCompile>
    <ClCompile Include="..\bullet3\examples\SharedMemory\PhysicsClientSharedMemory2.cpp">
      <Filter>소스 파일\bullet3\examples\SharedMemory</Filter>
    </ClCompile>
    <ClCompile Include="..\bullet3\examples\SharedMemory\PhysicsClientSharedMemory2_C_API.cpp">
      <Filter>소스 파일\bullet3\examples\SharedMemory</Filter>
    </ClCompile>
    <ClCompile Include="..\bullet3\examples\SharedMemory\PhysicsDirect.cpp">
      <Filter>소스 파일\bullet3\examples\SharedMemory</Filter>
    </ClCompile>
    <ClCompile Include="..\bullet3\examples\SharedMemory\PhysicsDirectC_API.cpp">
      <Filter>소스 파일\bullet3\examples\SharedMemory</Filter>
    </ClCompile>
    <ClCompile Include="..\bullet3\examples\SharedMemory\PhysicsLoopBack.cpp">
      <Filter>소스 파일\bullet3\examples\SharedMemory</Filter>
    </ClCompile>
    <ClCompile Include="..\bullet3\examples\SharedMemory\PhysicsLoopBackC_API.cpp">
      <Filter>소스 파일\bullet3\examples\SharedMemory</Filter>
    </ClCompile>
    <ClCompile Include="..\bullet3\examples\SharedMemory\PhysicsServer.cpp">
      <Filter>소스 파일\bullet3\examples\SharedMemory</Filter>
    </ClCompile>
    <ClCompile Include="..\bullet3\examples\SharedMemory\PhysicsServerSharedMemory.cpp">
      <Filter>소스 파일\bullet3\examples\SharedMemory</Filter>
    </ClCompile>
    <ClCompile Include="..\bullet3\examples\SharedMemory\PosixSharedMemory.cpp">
      <Filter>소스 파일\bullet3\examples\SharedMemory</Filter>
    </ClCompile>
    <ClCompile Include="..\bullet3\examples\SharedMemory\RemoteGUIHelper.cpp">
      <Filter>소스 파일\bullet3\examples\SharedMemory</Filter>
    </ClCompile>
    <ClCompile Include="..\bullet3\examples\SharedMemory\SharedMemoryCommandProcessor.cpp">
      <Filter>소스 파일\bullet3\examples\SharedMemory</Filter>
    </ClCompile>
    <ClCompile Include="..\bullet3\examples\SharedMemory\plugins\collisionFilterPlugin\collisionFilterPlugin.cpp">
      <Filter>소스 파일\bullet3\examples\SharedMemory\plugins\collisionFilterPlugin</Filter>
    </ClCompile>
    <ClCompile Include="..\bullet3\examples\SharedMemory\plugins\pdControlPlugin\pdControlPlugin.cpp">
      <Filter>소스 파일\bullet3\examples\SharedMemory\plugins\pdControlPlugin</Filter>
    </ClCompile>
    <ClCompile Include="..\bullet3\examples\SharedMemory\plugins\tinyRendererPlugin\TinyRendererVisualShapeConverter.cpp">
      <Filter>소스 파일\bullet3\examples\SharedMemory\plugins\tinyRendererPlugin</Filter>
    </ClCompile>
    <ClCompile Include="..\bullet3\examples\SharedMemory\plugins\tinyRendererPlugin\tinyRendererPlugin.cpp">
      <Filter>소스 파일\bullet3\examples\SharedMemory\plugins\tinyRendererPlugin</Filter>
    </ClCompile>
    <ClCompile Include="..\bullet3\examples\SharedMemory\plugins\vrSyncPlugin\vrSyncPlugin.cpp">
      <Filter>소스 파일\bullet3\examples\SharedMemory\plugins\vrSyncPlugin</Filter>
    </ClCompile>
    <ClCompile Include="..\bullet3\examples\ThirdPartyLibs\glad\gl.c">
      <Filter>소스 파일\bullet3\examples\ThirdPartyLibs\glad</Filter>
    </ClCompile>
    <ClCompile Include="..\bullet3\examples\ThirdPartyLibs\midi\RtMidi.cpp">
      <Filter>소스 파일\bullet3\examples\ThirdPartyLibs\midi</Filter>
    </ClCompile>
    <ClCompile Include="..\bullet3\examples\ThirdPartyLibs\Wavefront\tiny_obj_loader.cpp">
      <Filter>소스 파일\bullet3\examples\ThirdPartyLibs\Wavefront</Filter>
    </ClCompile>
    <ClCompile Include="..\bullet3\examples\ThirdPartyLibs\tinyxml2\tinyxml2.cpp">
      <Filter>소스 파일\bullet3\examples\ThirdPartyLibs\tinyxml2</Filter>
    </ClCompile>
    <ClCompile Include="..\bullet3\examples\ThirdPartyLibs\stb_image\stb_image.cpp">
      <Filter>소스 파일\bullet3\examples\ThirdPartyLibs\stb_image</Filter>
    </ClCompile>
    <ClCompile Include="..\bullet3\examples\ThirdPartyLibs\stb_image\stb_image_write.cpp">
      <Filter>소스 파일\bullet3\examples\ThirdPartyLibs\stb_image</Filter>
    </ClCompile>
    <ClCompile Include="..\bullet3\examples\TinyRenderer\geometry.cpp">
      <Filter>소스 파일\bullet3\examples\TinyRenderer</Filter>
    </ClCompile>
    <ClCompile Include="..\bullet3\examples\TinyRenderer\model.cpp">
      <Filter>소스 파일\bullet3\examples\TinyRenderer</Filter>
    </ClCompile>
    <ClCompile Include="..\bullet3\examples\TinyRenderer\our_gl.cpp">
      <Filter>소스 파일\bullet3\examples\TinyRenderer</Filter>
    </ClCompile>
    <ClCompile Include="..\bullet3\examples\TinyRenderer\tgaimage.cpp">
      <Filter>소스 파일\bullet3\examples\TinyRenderer</Filter>
    </ClCompile>
    <ClCompile Include="..\bullet3\examples\TinyRenderer\TinyRenderer.cpp">
      <Filter>소스 파일\bullet3\examples\TinyRenderer</Filter>
    </ClCompile>
    <ClCompile Include="..\bullet3\examples\Utils\b3ResourcePath.cpp">
      <Filter>소스 파일\bullet3\examples\Utils</Filter>
    </ClCompile>
    <ClCompile Include="..\bullet3\examples\Utils\ChromeTraceUtil.cpp">
      <Filter>소스 파일\bullet3\examples\Utils</Filter>
    </ClCompile>
    <ClCompile Include="..\bullet3\examples\Utils\RobotLoggingUtil.cpp">
      <Filter>소스 파일\bullet3\examples\Utils</Filter>
    </ClCompile>
    <ClCompile Include="..\bullet3\examples\Utils\b3Clock.cpp">
      <Filter>소스 파일\bullet3\examples\Utils</Filter>
    </ClCompile>
    <ClCompile Include="..\bullet3\Extras\Serialize\BulletFileLoader\bDNA.cpp">
      <Filter>소스 파일\bullet3\Extras\Serialize\BulletFileLoader</Filter>
    </ClCompile>
    <ClCompile Include="..\bullet3\Extras\Serialize\BulletFileLoader\bFile.cpp">
      <Filter>소스 파일\bullet3\Extras\Serialize\BulletFileLoader</Filter>
    </ClCompile>
    <ClCompile Include="..\bullet3\Extras\Serialize\BulletFileLoader\btBulletFile.cpp">
      <Filter>소스 파일\bullet3\Extras\Serialize\BulletFileLoader</Filter>
    </ClCompile>
    <ClCompile Include="..\bullet3\Extras\Serialize\BulletFileLoader\bChunk.cpp">
      <Filter>소스 파일\bullet3\Extras\Serialize\BulletFileLoader</Filter>
    </ClCompile>
    <ClCompile Include="..\bullet3\Extras\Serialize\BulletWorldImporter\btMultiBodyWorldImporter.cpp">
      <Filter>소스 파일\bullet3\Extras\Serialize\BulletWorldImporter</Filter>
    </ClCompile>
    <ClCompile Include="..\bullet3\Extras\Serialize\BulletWorldImporter\btWorldImporter.cpp">
      <Filter>소스 파일\bullet3\Extras\Serialize\BulletWorldImporter</Filter>
    </ClCompile>
    <ClCompile Include="..\bullet3\Extras\Serialize\BulletWorldImporter\btBulletWorldImporter.cpp">
      <Filter>소스 파일\bullet3\Extras\Serialize\BulletWorldImporter</Filter>
    </ClCompile>
    <ClCompile Include="control_hub_plugin\ControlHubPlugin.cpp">
      <Filter>소스 파일\control_hub_plugin</Filter>
    </ClCompile>
    <ClCompile Include="custom_physics_server\custom_physics_server.cpp">
      <Filter>소스 파일\custom_physics_server</Filter>
    </ClCompile>
    <ClCompile Include="..\bullet3\examples\SharedMemory\PhysicsServerExample.cpp">
      <Filter>소스 파일\bullet3\examples\SharedMemory</Filter>
    </ClCompile>
    <ClCompile Include="custom_physics_server\custom_command_processor.cpp">
      <Filter>소스 파일\custom_physics_server</Filter>
    </ClCompile>
    <ClCompile Include="..\..\..\control_hub\control_algorithm_default.cpp">
      <Filter>소스 파일\control_hub</Filter>
    </ClCompile>
    <ClCompile Include="..\..\..\control_hub\control_hub.cpp">
      <Filter>소스 파일\control_hub</Filter>
    </ClCompile>
    <ClCompile Include="..\..\..\control_hub\controller_ui.cpp">
      <Filter>소스 파일\control_hub</Filter>
    </ClCompile>
    <ClCompile Include="..\..\..\control_hub\gason.cpp">
      <Filter>소스 파일\control_hub</Filter>
    </ClCompile>
    <ClCompile Include="..\..\..\control_hub\trajectory_interface.cpp">
      <Filter>소스 파일\control_hub</Filter>
    </ClCompile>
    <ClCompile Include="bullet_sim_main.cpp">
      <Filter>소스 파일</Filter>
    </ClCompile>
  </ItemGroup>
  <ItemGroup>
    <ClInclude Include="resource.h">
      <Filter>헤더 파일</Filter>
    </ClInclude>
    <ClInclude Include="..\bullet3\examples\Importers\ImportMJCFDemo\BulletMJCFImporter.h">
      <Filter>소스 파일\bullet3\examples\Importers\ImportMJCFDemo</Filter>
    </ClInclude>
    <ClInclude Include="..\bullet3\examples\Importers\ImportColladaDemo\ColladaGraphicsInstance.h">
      <Filter>소스 파일\bullet3\examples\Importers\ImportColladaDemo</Filter>
    </ClInclude>
    <ClInclude Include="..\bullet3\examples\Importers\ImportURDFDemo\UrdfParser.h">
      <Filter>소스 파일\bullet3\examples\Importers\ImportURDFDemo</Filter>
    </ClInclude>
    <ClInclude Include="..\bullet3\examples\Importers\ImportURDFDemo\BulletUrdfImporter.h">
      <Filter>소스 파일\bullet3\examples\Importers\ImportURDFDemo</Filter>
    </ClInclude>
    <ClInclude Include="..\bullet3\examples\Importers\ImportURDFDemo\ConvertRigidBodies2MultiBody.h">
      <Filter>소스 파일\bullet3\examples\Importers\ImportURDFDemo</Filter>
    </ClInclude>
    <ClInclude Include="..\bullet3\examples\Importers\ImportURDFDemo\MultiBodyCreationInterface.h">
      <Filter>소스 파일\bullet3\examples\Importers\ImportURDFDemo</Filter>
    </ClInclude>
    <ClInclude Include="..\bullet3\examples\Importers\ImportURDFDemo\MyMultiBodyCreator.h">
      <Filter>소스 파일\bullet3\examples\Importers\ImportURDFDemo</Filter>
    </ClInclude>
    <ClInclude Include="..\bullet3\examples\Importers\ImportURDFDemo\URDF2Bullet.h">
      <Filter>소스 파일\bullet3\examples\Importers\ImportURDFDemo</Filter>
    </ClInclude>
    <ClInclude Include="..\bullet3\examples\Importers\ImportURDFDemo\URDFImporterInterface.h">
      <Filter>소스 파일\bullet3\examples\Importers\ImportURDFDemo</Filter>
    </ClInclude>
    <ClInclude Include="..\bullet3\examples\Importers\ImportURDFDemo\URDFJointTypes.h">
      <Filter>소스 파일\bullet3\examples\Importers\ImportURDFDemo</Filter>
    </ClInclude>
    <ClInclude Include="..\bullet3\examples\MultiThreading\b3ThreadSupportInterface.h">
      <Filter>소스 파일\bullet3\examples\MultiThreading</Filter>
    </ClInclude>
    <ClInclude Include="..\bullet3\examples\MultiThreading\b3Win32ThreadSupport.h">
      <Filter>소스 파일\bullet3\examples\MultiThreading</Filter>
    </ClInclude>
    <ClInclude Include="..\bullet3\examples\SharedMemory\SharedMemoryCommandProcessor.h">
      <Filter>소스 파일\bullet3\examples\SharedMemory</Filter>
    </ClInclude>
    <ClInclude Include="..\bullet3\examples\SharedMemory\SharedMemoryCommands.h">
      <Filter>소스 파일\bullet3\examples\SharedMemory</Filter>
    </ClInclude>
    <ClInclude Include="..\bullet3\examples\SharedMemory\SharedMemoryPublic.h">
      <Filter>소스 파일\bullet3\examples\SharedMemory</Filter>
    </ClInclude>
    <ClInclude Include="..\bullet3\examples\SharedMemory\b3PluginManager.h">
      <Filter>소스 파일\bullet3\examples\SharedMemory</Filter>
    </ClInclude>
    <ClInclude Include="..\bullet3\examples\SharedMemory\b3RobotSimulatorClientAPI_NoDirect.h">
      <Filter>소스 파일\bullet3\examples\SharedMemory</Filter>
    </ClInclude>
    <ClInclude Include="..\bullet3\examples\SharedMemory\GraphicsClientExample.h">
      <Filter>소스 파일\bullet3\examples\SharedMemory</Filter>
    </ClInclude>
    <ClInclude Include="..\bullet3\examples\SharedMemory\GraphicsServerExample.h">
      <Filter>소스 파일\bullet3\examples\SharedMemory</Filter>
    </ClInclude>
    <ClInclude Include="..\bullet3\examples\SharedMemory\GraphicsSharedMemoryBlock.h">
      <Filter>소스 파일\bullet3\examples\SharedMemory</Filter>
    </ClInclude>
    <ClInclude Include="..\bullet3\examples\SharedMemory\GraphicsSharedMemoryCommands.h">
      <Filter>소스 파일\bullet3\examples\SharedMemory</Filter>
    </ClInclude>
    <ClInclude Include="..\bullet3\examples\SharedMemory\GraphicsSharedMemoryPublic.h">
      <Filter>소스 파일\bullet3\examples\SharedMemory</Filter>
    </ClInclude>
    <ClInclude Include="..\bullet3\examples\SharedMemory\IKTrajectoryHelper.h">
      <Filter>소스 파일\bullet3\examples\SharedMemory</Filter>
    </ClInclude>
    <ClInclude Include="..\bullet3\examples\SharedMemory\PhysicsClientSharedMemory_C_API.h">
      <Filter>소스 파일\bullet3\examples\SharedMemory</Filter>
    </ClInclude>
    <ClInclude Include="..\bullet3\examples\SharedMemory\PhysicsClientSharedMemory2.h">
      <Filter>소스 파일\bullet3\examples\SharedMemory</Filter>
    </ClInclude>
    <ClInclude Include="..\bullet3\examples\SharedMemory\PhysicsClientSharedMemory2_C_API.h">
      <Filter>소스 파일\bullet3\examples\SharedMemory</Filter>
    </ClInclude>
    <ClInclude Include="..\bullet3\examples\SharedMemory\PhysicsDirect.h">
      <Filter>소스 파일\bullet3\examples\SharedMemory</Filter>
    </ClInclude>
    <ClInclude Include="..\bullet3\examples\SharedMemory\PhysicsDirectC_API.h">
      <Filter>소스 파일\bullet3\examples\SharedMemory</Filter>
    </ClInclude>
    <ClInclude Include="..\bullet3\examples\SharedMemory\PhysicsLoopBack.h">
      <Filter>소스 파일\bullet3\examples\SharedMemory</Filter>
    </ClInclude>
    <ClInclude Include="..\bullet3\examples\SharedMemory\PhysicsLoopBackC_API.h">
      <Filter>소스 파일\bullet3\examples\SharedMemory</Filter>
    </ClInclude>
    <ClInclude Include="..\bullet3\examples\SharedMemory\PhysicsServer.h">
      <Filter>소스 파일\bullet3\examples\SharedMemory</Filter>
    </ClInclude>
    <ClInclude Include="..\bullet3\examples\SharedMemory\PhysicsServerSharedMemory.h">
      <Filter>소스 파일\bullet3\examples\SharedMemory</Filter>
    </ClInclude>
    <ClInclude Include="..\bullet3\examples\SharedMemory\RemoteGUIHelper.h">
      <Filter>소스 파일\bullet3\examples\SharedMemory</Filter>
    </ClInclude>
    <ClInclude Include="..\bullet3\examples\ThirdPartyLibs\midi\RtError.h">
      <Filter>소스 파일\bullet3\examples\ThirdPartyLibs\midi</Filter>
    </ClInclude>
    <ClInclude Include="..\bullet3\examples\ThirdPartyLibs\midi\RtMidi.h">
      <Filter>소스 파일\bullet3\examples\ThirdPartyLibs\midi</Filter>
    </ClInclude>
    <ClInclude Include="..\bullet3\examples\Utils\ChromeTraceUtil.h">
      <Filter>소스 파일\bullet3\examples\Utils</Filter>
    </ClInclude>
    <ClInclude Include="..\bullet3\examples\Utils\RobotLoggingUtil.h">
      <Filter>소스 파일\bullet3\examples\Utils</Filter>
    </ClInclude>
    <ClInclude Include="..\bullet3\Extras\Serialize\BulletFileLoader\bChunk.h">
      <Filter>소스 파일\bullet3\Extras\Serialize\BulletFileLoader</Filter>
    </ClInclude>
    <ClInclude Include="..\bullet3\Extras\Serialize\BulletFileLoader\bCommon.h">
      <Filter>소스 파일\bullet3\Extras\Serialize\BulletFileLoader</Filter>
    </ClInclude>
    <ClInclude Include="..\bullet3\Extras\Serialize\BulletFileLoader\bDefines.h">
      <Filter>소스 파일\bullet3\Extras\Serialize\BulletFileLoader</Filter>
    </ClInclude>
    <ClInclude Include="..\bullet3\Extras\Serialize\BulletFileLoader\bDNA.h">
      <Filter>소스 파일\bullet3\Extras\Serialize\BulletFileLoader</Filter>
    </ClInclude>
    <ClInclude Include="..\bullet3\Extras\Serialize\BulletFileLoader\bFile.h">
      <Filter>소스 파일\bullet3\Extras\Serialize\BulletFileLoader</Filter>
    </ClInclude>
    <ClInclude Include="..\bullet3\Extras\Serialize\BulletFileLoader\btBulletFile.h">
      <Filter>소스 파일\bullet3\Extras\Serialize\BulletFileLoader</Filter>
    </ClInclude>
    <ClInclude Include="..\bullet3\Extras\Serialize\BulletWorldImporter\btMultiBodyWorldImporter.h">
      <Filter>소스 파일\bullet3\Extras\Serialize\BulletWorldImporter</Filter>
    </ClInclude>
    <ClInclude Include="..\bullet3\Extras\Serialize\BulletWorldImporter\btWorldImporter.h">
      <Filter>소스 파일\bullet3\Extras\Serialize\BulletWorldImporter</Filter>
    </ClInclude>
    <ClInclude Include="..\bullet3\Extras\Serialize\BulletWorldImporter\btBulletWorldImporter.h">
      <Filter>소스 파일\bullet3\Extras\Serialize\BulletWorldImporter</Filter>
    </ClInclude>
    <ClInclude Include="control_hub_plugin\ControlHubPlugin.h">
      <Filter>소스 파일\control_hub_plugin</Filter>
    </ClInclude>
    <ClInclude Include="custom_physics_server\custom_physics_server.h">
      <Filter>소스 파일\custom_physics_server</Filter>
    </ClInclude>
    <ClInclude Include="custom_physics_server\custom_command_processor.h">
      <Filter>소스 파일\custom_physics_server</Filter>
    </ClInclude>
    <ClInclude Include="..\..\..\control_hub\control_algorithm_default.h">
      <Filter>소스 파일\control_hub</Filter>
    </ClInclude>
    <ClInclude Include="..\..\..\control_hub\control_hub.h">
      <Filter>소스 파일\control_hub</Filter>
    </ClInclude>
    <ClInclude Include="..\..\..\control_hub\controller_interface.h">
      <Filter>소스 파일\control_hub</Filter>
    </ClInclude>
    <ClInclude Include="..\..\..\control_hub\controller_ui.h">
      <Filter>소스 파일\control_hub</Filter>
    </ClInclude>
    <ClInclude Include="..\..\..\control_hub\data_config.h">
      <Filter>소스 파일\control_hub</Filter>
    </ClInclude>
    <ClInclude Include="..\..\..\control_hub\data_logger.h">
      <Filter>소스 파일\control_hub</Filter>
    </ClInclude>
    <ClInclude Include="..\..\..\control_hub\gason.h">
      <Filter>소스 파일\control_hub</Filter>
    </ClInclude>
    <ClInclude Include="..\..\..\control_hub\html_contents.h">
      <Filter>소스 파일\control_hub</Filter>
    </ClInclude>
    <ClInclude Include="..\..\..\control_hub\trajectory_interface.h">
      <Filter>소스 파일\control_hub</Filter>
    </ClInclude>
    <ClInclude Include="..\..\..\control_hub\utils_rnb.h">
      <Filter>소스 파일\control_hub</Filter>
    </ClInclude>
  </ItemGroup>
  <ItemGroup>
    <ResourceCompile Include="BulletSimControl.rc">
      <Filter>리소스 파일</Filter>
    </ResourceCompile>
  </ItemGroup>
  <ItemGroup>
    <Text Include="..\bullet3\Extras\Serialize\BulletFileLoader\CMakeLists.txt">
      <Filter>소스 파일\bullet3\Extras\Serialize\BulletFileLoader</Filter>
    </Text>
    <Text Include="..\bullet3\Extras\Serialize\BulletWorldImporter\CMakeLists.txt">
      <Filter>소스 파일\bullet3\Extras\Serialize\BulletWorldImporter</Filter>
    </Text>
  </ItemGroup>
  <ItemGroup>
    <None Include="..\bullet3\Extras\Serialize\BulletFileLoader\premake4.lua">
      <Filter>소스 파일\bullet3\Extras\Serialize\BulletFileLoader</Filter>
    </None>
    <None Include="..\bullet3\Extras\Serialize\BulletWorldImporter\premake4.lua">
      <Filter>소스 파일\bullet3\Extras\Serialize\BulletWorldImporter</Filter>
    </None>
  </ItemGroup>
</Project>